
Microsoft Visual Studio Solution File, Format Version 12.00
# Visual Studio 15
VisualStudioVersion = 15.0.27130.2036
MinimumVisualStudioVersion = 10.0.40219.1
Project("{FAE04EC0-301F-11D3-BF4B-00C04F79EFBC}") = "WebApplication3", "WebApplication3\WebApplication3.csproj", "{EDA01972-866A-443F-8EA5-DD4101294E24}"
EndProject
Global
	GlobalSection(SolutionConfigurationPlatforms) = preSolution
		Debug|Any CPU = Debug|Any CPU
		Release|Any CPU = Release|Any CPU
	EndGlobalSection
	GlobalSection(ProjectConfigurationPlatforms) = postSolution
		{EDA01972-866A-443F-8EA5-DD4101294E24}.Debug|Any CPU.ActiveCfg = Debug|Any CPU
		{EDA01972-866A-443F-8EA5-DD4101294E24}.Debug|Any CPU.Build.0 = Debug|Any CPU
		{EDA01972-866A-443F-8EA5-DD4101294E24}.Release|Any CPU.ActiveCfg = Release|Any CPU
		{EDA01972-866A-443F-8EA5-DD4101294E24}.Release|Any CPU.Build.0 = Release|Any CPU
	EndGlobalSection
	GlobalSection(SolutionProperties) = preSolution
		HideSolutionNode = FALSE
	EndGlobalSection
	GlobalSection(ExtensibilityGlobals) = postSolution
		SolutionGuid = {8A1F1997-A32A-4910-AE0E-7A51BFB023FA}
	EndGlobalSection
EndGlobal
